
Microsoft Visual Studio Solution File, Format Version 12.00
# Visual Studio Version 17
VisualStudioVersion = 17.0.31919.166
MinimumVisualStudioVersion = 10.0.40219.1
Project("{FAE04EC0-301F-11D3-BF4B-00C04F79EFBC}") = "SingletonDesignPattern", "SingletonDesignPattern\SingletonDesignPattern.csproj", "{A9DCE1DA-71B3-4D33-B2E8-004EC1D5288A}"
EndProject
Global
	GlobalSection(SolutionConfigurationPlatforms) = preSolution
		Debug|Any CPU = Debug|Any CPU
		Release|Any CPU = Release|Any CPU
	EndGlobalSection
	GlobalSection(ProjectConfigurationPlatforms) = postSolution
		{A9DCE1DA-71B3-4D33-B2E8-004EC1D5288A}.Debug|Any CPU.ActiveCfg = Debug|Any CPU
		{A9DCE1DA-71B3-4D33-B2E8-004EC1D5288A}.Debug|Any CPU.Build.0 = Debug|Any CPU
		{A9DCE1DA-71B3-4D33-B2E8-004EC1D5288A}.Release|Any CPU.ActiveCfg = Release|Any CPU
		{A9DCE1DA-71B3-4D33-B2E8-004EC1D5288A}.Release|Any CPU.Build.0 = Release|Any CPU
	EndGlobalSection
	GlobalSection(SolutionProperties) = preSolution
		HideSolutionNode = FALSE
	EndGlobalSection
	GlobalSection(ExtensibilityGlobals) = postSolution
		SolutionGuid = {BF8BE32E-8DE9-4007-9752-B9FA445B1D71}
	EndGlobalSection
EndGlobal
