
Microsoft Visual Studio Solution File, Format Version 12.00
# Visual Studio Version 17
VisualStudioVersion = 17.0.31919.166
MinimumVisualStudioVersion = 10.0.40219.1
Project("{FAE04EC0-301F-11D3-BF4B-00C04F79EFBC}") = "RestAPIExample", "RestAPIExample\RestAPIExample.csproj", "{7D6EE0D8-2C8A-4663-BB50-D63F1F77ECBC}"
EndProject
Global
	GlobalSection(SolutionConfigurationPlatforms) = preSolution
		Debug|Any CPU = Debug|Any CPU
		Release|Any CPU = Release|Any CPU
	EndGlobalSection
	GlobalSection(ProjectConfigurationPlatforms) = postSolution
		{7D6EE0D8-2C8A-4663-BB50-D63F1F77ECBC}.Debug|Any CPU.ActiveCfg = Debug|Any CPU
		{7D6EE0D8-2C8A-4663-BB50-D63F1F77ECBC}.Debug|Any CPU.Build.0 = Debug|Any CPU
		{7D6EE0D8-2C8A-4663-BB50-D63F1F77ECBC}.Release|Any CPU.ActiveCfg = Release|Any CPU
		{7D6EE0D8-2C8A-4663-BB50-D63F1F77ECBC}.Release|Any CPU.Build.0 = Release|Any CPU
	EndGlobalSection
	GlobalSection(SolutionProperties) = preSolution
		HideSolutionNode = FALSE
	EndGlobalSection
	GlobalSection(ExtensibilityGlobals) = postSolution
		SolutionGuid = {D204B64F-992F-497A-B2DE-AFC92C81F485}
	EndGlobalSection
EndGlobal
