
Microsoft Visual Studio Solution File, Format Version 12.00
# Visual Studio Version 17
VisualStudioVersion = 17.0.31919.166
MinimumVisualStudioVersion = 10.0.40219.1
Project("{FAE04EC0-301F-11D3-BF4B-00C04F79EFBC}") = "Example2", "Example2\Example2.csproj", "{2267B2CB-9D1D-4925-9C1D-C54AE342FC88}"
EndProject
Global
	GlobalSection(SolutionConfigurationPlatforms) = preSolution
		Debug|Any CPU = Debug|Any CPU
		Release|Any CPU = Release|Any CPU
	EndGlobalSection
	GlobalSection(ProjectConfigurationPlatforms) = postSolution
		{2267B2CB-9D1D-4925-9C1D-C54AE342FC88}.Debug|Any CPU.ActiveCfg = Debug|Any CPU
		{2267B2CB-9D1D-4925-9C1D-C54AE342FC88}.Debug|Any CPU.Build.0 = Debug|Any CPU
		{2267B2CB-9D1D-4925-9C1D-C54AE342FC88}.Release|Any CPU.ActiveCfg = Release|Any CPU
		{2267B2CB-9D1D-4925-9C1D-C54AE342FC88}.Release|Any CPU.Build.0 = Release|Any CPU
	EndGlobalSection
	GlobalSection(SolutionProperties) = preSolution
		HideSolutionNode = FALSE
	EndGlobalSection
	GlobalSection(ExtensibilityGlobals) = postSolution
		SolutionGuid = {507A9B20-E5D0-4638-BA75-4768B479D6C4}
	EndGlobalSection
EndGlobal
